# This file is generated by running "yarn install" inside your project.
# Manual changes might be lost - proceed with caution!

__metadata:
  version: 4
  cacheKey: 7

"@types/debug@npm:4.1.5":
  version: 4.1.5
  resolution: "@types/debug@npm:4.1.5"
  checksum: 416ad24bc589be0fb8c78bea972aa7d4ffdf6b136239701b1792674463b2dbf8c6707f6055ec484f79ec1f2b528ffef90c87e55df7e4a0f458184cad5bf0cfc8
  languageName: node
  linkType: hard

"@types/uuid@npm:8.3.0":
  version: 8.3.0
  resolution: "@types/uuid@npm:8.3.0"
  checksum: 620985aed8fdb4aed153daca5235f4303457a67a4d181efac0021712eabd9edd7e88895f79730c0e651effde7633b1b61e49a81519ac8d4e75019d2ac9b6412f
  languageName: node
  linkType: hard

"debug@npm:4.3.1":
  version: 4.3.1
  resolution: "debug@npm:4.3.1"
  dependencies:
    ms: 2.1.2
  peerDependenciesMeta:
    supports-color:
      optional: true
  checksum: 0d41ba5177510e8b388dfd7df143ab0f9312e4abdaba312595461511dac88e9ef8101939d33b4e6d37e10341af6a5301082e4d7d6f3deb4d57bc05fc7d296fad
  languageName: node
  linkType: hard

"ms@npm:2.1.2":
  version: 2.1.2
  resolution: "ms@npm:2.1.2"
  checksum: 9b65fb709bc30c0c07289dcbdb61ca032acbb9ea5698b55fa62e2cebb04c5953f1876a1f3f7f4bc2e91d4bf4d86003f3e207c3bc6ee2f716f99827e62389cd0e
  languageName: node
  linkType: hard

"server@workspace:server":
  version: 0.0.0-use.local
  resolution: "server@workspace:server"
  dependencies:
    "@types/debug": 4.1.5
    debug: 4.3.1
  languageName: unknown
  linkType: soft

"shared@workspace:shared":
  version: 0.0.0-use.local
  resolution: "shared@workspace:shared"
  dependencies:
    "@types/uuid": 8.3.0
    uuid: 8.3.2
  languageName: unknown
  linkType: soft

"ts-monorepo@workspace:.":
  version: 0.0.0-use.local
  resolution: "ts-monorepo@workspace:."
  languageName: unknown
  linkType: soft

"uuid@npm:8.3.2":
  version: 8.3.2
  resolution: "uuid@npm:8.3.2"
  bin:
    uuid: dist/bin/uuid
  checksum: aed2bcef341f95635f308fea8831fb9038b18c485fe7e71feb89d2e05602dfecad0cb6f2246fae096d4da425cca6e8a71056f28abd97ad98cf770a2018853248
  languageName: node
  linkType: hard
